
Microsoft Visual Studio Solution File, Format Version 12.00
# Visual Studio Version 17
VisualStudioVersion = 17.9.34728.123
MinimumVisualStudioVersion = 10.0.40219.1
Project("{9A19103F-16F7-4668-BE54-9A1E7A4F7556}") = "ENPDotNetCore.ConsoleApp", "ENPDotNetCore.ConsoleApp\ENPDotNetCore.ConsoleApp.csproj", "{E5AB6100-3A37-4F67-9EB9-A38CA0031E5C}"
EndProject
Project("{2150E333-8FDC-42A3-9474-1A3956D46DE8}") = "Document", "Document", "{ECA80E1F-02DA-4056-B395-E009CF907847}"
	ProjectSection(SolutionItems) = preProject
		ENPDotNetCore.sql = ENPDotNetCore.sql
		README.md = README.md
	EndProjectSection
EndProject
Project("{9A19103F-16F7-4668-BE54-9A1E7A4F7556}") = "ENPDotNetCore.Shared", "ENPDotNetCore.Shared\ENPDotNetCore.Shared.csproj", "{09EA095E-4B16-4891-8683-4C971B1F0AC7}"
EndProject
Project("{9A19103F-16F7-4668-BE54-9A1E7A4F7556}") = "ENPDotNetCore.RestApiWithNLayer", "ENPDotNetCoreRestApiWithNLayer\ENPDotNetCore.RestApiWithNLayer.csproj", "{FBD06B31-C29F-474A-8B8D-E0398762BBDB}"
EndProject
Project("{9A19103F-16F7-4668-BE54-9A1E7A4F7556}") = "ENPDotNetCore.ConsoleAppHttpClient", "ENPDotNetCore.ConsoleAppHttpClient\ENPDotNetCore.ConsoleAppHttpClient.csproj", "{4359785C-F5A7-4338-A553-E31BD3596EAB}"
EndProject
Project("{9A19103F-16F7-4668-BE54-9A1E7A4F7556}") = "ENPDotNetCore.ConsoleAppHttpClientExample", "ENPDotNetCore.ConsoleAppHttpClientExample\ENPDotNetCore.ConsoleAppHttpClientExample.csproj", "{AF072C48-0E19-402F-977C-1090134E6C6A}"
EndProject
Project("{9A19103F-16F7-4668-BE54-9A1E7A4F7556}") = "ENPDotNetCore.ConsoleAppRestClientExamples", "ENPDotNetCore.ConsoleAppRestClientExamples\ENPDotNetCore.ConsoleAppRestClientExamples.csproj", "{94EE6E92-54EB-4029-BB52-6278522BB1EA}"
EndProject
Project("{9A19103F-16F7-4668-BE54-9A1E7A4F7556}") = "ENPDotNetCore.HomeworkApi", "ENPDotNetCore.HomeworkApi\ENPDotNetCore.HomeworkApi.csproj", "{91A34F32-EC82-4675-B945-91C1B5CD702F}"
EndProject
Project("{9A19103F-16F7-4668-BE54-9A1E7A4F7556}") = "ENPDotNetCore.PizzaApi", "ENPDotNetCore.PizzaApi\ENPDotNetCore.PizzaApi.csproj", "{7680DFBF-0B52-4524-AB08-F4C040B6C63C}"
EndProject
Project("{9A19103F-16F7-4668-BE54-9A1E7A4F7556}") = "ENPDotNetCore.ConsoleAppRefitExample", "ENPDotNetCore.ConsoleAppRefitExample\ENPDotNetCore.ConsoleAppRefitExample.csproj", "{4110D443-28DA-4BAA-AA67-4DCE0C72E020}"
EndProject
Project("{9A19103F-16F7-4668-BE54-9A1E7A4F7556}") = "ENPDotNetCore.WinFormsApp", "ENPDotNetCore.WinFormsApp\ENPDotNetCore.WinFormsApp.csproj", "{A9D0E2F1-0304-4808-92DC-C8734080E921}"
EndProject
Project("{9A19103F-16F7-4668-BE54-9A1E7A4F7556}") = "ENPDotNetCore.RestApi", "ENPDotNetCore.RestApi\ENPDotNetCore.RestApi.csproj", "{35407462-5DC3-4447-B6F9-2DD6BAD2235E}"
EndProject
Project("{9A19103F-16F7-4668-BE54-9A1E7A4F7556}") = "ENPDotNetCore.WinFormsAppSqlinjection", "ENPDotNetCore.WinFormsAppSqlinjection\ENPDotNetCore.WinFormsAppSqlinjection.csproj", "{17AEA5E3-1371-4951-AEBF-E02DD1EB985C}"
EndProject
Project("{9A19103F-16F7-4668-BE54-9A1E7A4F7556}") = "ENPDotNetCore.NLayer.UI", "ENPDotNetCore.NLayer.UI\ENPDotNetCore.NLayer.UI.csproj", "{029EE258-9BA1-476A-9AF4-A8FE5DF10289}"
EndProject
Project("{9A19103F-16F7-4668-BE54-9A1E7A4F7556}") = "ENPDotNetCore.NLayer.BusinessLogic", "ENPDotNetCore.NLayer.BusinessLogic\ENPDotNetCore.NLayer.BusinessLogic.csproj", "{32EDE95D-714F-4598-8BB0-8EF5CA83D28D}"
EndProject
Project("{9A19103F-16F7-4668-BE54-9A1E7A4F7556}") = "ENPDotNetCore.NLayer.DataAccess", "ENPDotNetCore.NLayer.DataAccess\ENPDotNetCore.NLayer.DataAccess.csproj", "{6CEC5618-0A5B-41DD-ABD5-FC1D1009B787}"
EndProject
Project("{9A19103F-16F7-4668-BE54-9A1E7A4F7556}") = "ENPDotNetCore.MinimalApi", "ENPDotNetCore.MinimalApi\ENPDotNetCore.MinimalApi.csproj", "{761DECA3-104F-4D12-A0D4-67F1E27194B2}"
EndProject
Project("{9A19103F-16F7-4668-BE54-9A1E7A4F7556}") = "ENPDotNetCore.MvcApp", "ENPDotNetCore.MvcApp\ENPDotNetCore.MvcApp.csproj", "{7236F7B3-9E84-4A4D-B7D2-787872A4F8AC}"
EndProject
Project("{9A19103F-16F7-4668-BE54-9A1E7A4F7556}") = "ENPDotNetCore.MvcApp2", "ENPDotNetCore.MvcApp2\ENPDotNetCore.MvcApp2.csproj", "{3E6EAB08-B12E-4057-8DAC-AACADEE65D8B}"
EndProject
Project("{9A19103F-16F7-4668-BE54-9A1E7A4F7556}") = "ENPDotNetCore.MvcChartApp", "ENPDotNetCore.MvcChartApp\ENPDotNetCore.MvcChartApp.csproj", "{6FFD66A3-9A40-4B81-A8D3-0B1362846D65}"
EndProject
Project("{9A19103F-16F7-4668-BE54-9A1E7A4F7556}") = "ENPDotNetCore.ConsoleAppLogging", "ENPDotNetCore.ConsoleAppLogging\ENPDotNetCore.ConsoleAppLogging.csproj", "{772B9CB0-E127-4FED-9452-563063E2F96F}"
EndProject
Project("{9A19103F-16F7-4668-BE54-9A1E7A4F7556}") = "ENPDotNetCore.RealTimeChatApp", "ENPDotNetCore.RealTimeChatApp\ENPDotNetCore.RealTimeChatApp.csproj", "{F1E0FA15-9E26-4A30-88EF-AEB949C7CC96}"
EndProject
Project("{FAE04EC0-301F-11D3-BF4B-00C04F79EFBC}") = "ENPDotNetCore.RealTimeChartApp", "ENPDotNetCore.RealTimeChartApp\ENPDotNetCore.RealTimeChartApp.csproj", "{F2E1ECED-1505-4325-94C1-15F9E6DFBE20}"
EndProject
Global
	GlobalSection(SolutionConfigurationPlatforms) = preSolution
		Debug|Any CPU = Debug|Any CPU
		Release|Any CPU = Release|Any CPU
	EndGlobalSection
	GlobalSection(ProjectConfigurationPlatforms) = postSolution
		{E5AB6100-3A37-4F67-9EB9-A38CA0031E5C}.Debug|Any CPU.ActiveCfg = Debug|Any CPU
		{E5AB6100-3A37-4F67-9EB9-A38CA0031E5C}.Debug|Any CPU.Build.0 = Debug|Any CPU
		{E5AB6100-3A37-4F67-9EB9-A38CA0031E5C}.Release|Any CPU.ActiveCfg = Release|Any CPU
		{E5AB6100-3A37-4F67-9EB9-A38CA0031E5C}.Release|Any CPU.Build.0 = Release|Any CPU
		{09EA095E-4B16-4891-8683-4C971B1F0AC7}.Debug|Any CPU.ActiveCfg = Debug|Any CPU
		{09EA095E-4B16-4891-8683-4C971B1F0AC7}.Debug|Any CPU.Build.0 = Debug|Any CPU
		{09EA095E-4B16-4891-8683-4C971B1F0AC7}.Release|Any CPU.ActiveCfg = Release|Any CPU
		{09EA095E-4B16-4891-8683-4C971B1F0AC7}.Release|Any CPU.Build.0 = Release|Any CPU
		{FBD06B31-C29F-474A-8B8D-E0398762BBDB}.Debug|Any CPU.ActiveCfg = Debug|Any CPU
		{FBD06B31-C29F-474A-8B8D-E0398762BBDB}.Debug|Any CPU.Build.0 = Debug|Any CPU
		{FBD06B31-C29F-474A-8B8D-E0398762BBDB}.Release|Any CPU.ActiveCfg = Release|Any CPU
		{FBD06B31-C29F-474A-8B8D-E0398762BBDB}.Release|Any CPU.Build.0 = Release|Any CPU
		{4359785C-F5A7-4338-A553-E31BD3596EAB}.Debug|Any CPU.ActiveCfg = Debug|Any CPU
		{4359785C-F5A7-4338-A553-E31BD3596EAB}.Debug|Any CPU.Build.0 = Debug|Any CPU
		{4359785C-F5A7-4338-A553-E31BD3596EAB}.Release|Any CPU.ActiveCfg = Release|Any CPU
		{4359785C-F5A7-4338-A553-E31BD3596EAB}.Release|Any CPU.Build.0 = Release|Any CPU
		{AF072C48-0E19-402F-977C-1090134E6C6A}.Debug|Any CPU.ActiveCfg = Debug|Any CPU
		{AF072C48-0E19-402F-977C-1090134E6C6A}.Debug|Any CPU.Build.0 = Debug|Any CPU
		{AF072C48-0E19-402F-977C-1090134E6C6A}.Release|Any CPU.ActiveCfg = Release|Any CPU
		{AF072C48-0E19-402F-977C-1090134E6C6A}.Release|Any CPU.Build.0 = Release|Any CPU
		{94EE6E92-54EB-4029-BB52-6278522BB1EA}.Debug|Any CPU.ActiveCfg = Debug|Any CPU
		{94EE6E92-54EB-4029-BB52-6278522BB1EA}.Debug|Any CPU.Build.0 = Debug|Any CPU
		{94EE6E92-54EB-4029-BB52-6278522BB1EA}.Release|Any CPU.ActiveCfg = Release|Any CPU
		{94EE6E92-54EB-4029-BB52-6278522BB1EA}.Release|Any CPU.Build.0 = Release|Any CPU
		{91A34F32-EC82-4675-B945-91C1B5CD702F}.Debug|Any CPU.ActiveCfg = Debug|Any CPU
		{91A34F32-EC82-4675-B945-91C1B5CD702F}.Debug|Any CPU.Build.0 = Debug|Any CPU
		{91A34F32-EC82-4675-B945-91C1B5CD702F}.Release|Any CPU.ActiveCfg = Release|Any CPU
		{91A34F32-EC82-4675-B945-91C1B5CD702F}.Release|Any CPU.Build.0 = Release|Any CPU
		{7680DFBF-0B52-4524-AB08-F4C040B6C63C}.Debug|Any CPU.ActiveCfg = Debug|Any CPU
		{7680DFBF-0B52-4524-AB08-F4C040B6C63C}.Debug|Any CPU.Build.0 = Debug|Any CPU
		{7680DFBF-0B52-4524-AB08-F4C040B6C63C}.Release|Any CPU.ActiveCfg = Release|Any CPU
		{7680DFBF-0B52-4524-AB08-F4C040B6C63C}.Release|Any CPU.Build.0 = Release|Any CPU
		{4110D443-28DA-4BAA-AA67-4DCE0C72E020}.Debug|Any CPU.ActiveCfg = Debug|Any CPU
		{4110D443-28DA-4BAA-AA67-4DCE0C72E020}.Debug|Any CPU.Build.0 = Debug|Any CPU
		{4110D443-28DA-4BAA-AA67-4DCE0C72E020}.Release|Any CPU.ActiveCfg = Release|Any CPU
		{4110D443-28DA-4BAA-AA67-4DCE0C72E020}.Release|Any CPU.Build.0 = Release|Any CPU
		{A9D0E2F1-0304-4808-92DC-C8734080E921}.Debug|Any CPU.ActiveCfg = Debug|Any CPU
		{A9D0E2F1-0304-4808-92DC-C8734080E921}.Debug|Any CPU.Build.0 = Debug|Any CPU
		{A9D0E2F1-0304-4808-92DC-C8734080E921}.Release|Any CPU.ActiveCfg = Release|Any CPU
		{A9D0E2F1-0304-4808-92DC-C8734080E921}.Release|Any CPU.Build.0 = Release|Any CPU
		{35407462-5DC3-4447-B6F9-2DD6BAD2235E}.Debug|Any CPU.ActiveCfg = Debug|Any CPU
		{35407462-5DC3-4447-B6F9-2DD6BAD2235E}.Debug|Any CPU.Build.0 = Debug|Any CPU
		{35407462-5DC3-4447-B6F9-2DD6BAD2235E}.Release|Any CPU.ActiveCfg = Release|Any CPU
		{35407462-5DC3-4447-B6F9-2DD6BAD2235E}.Release|Any CPU.Build.0 = Release|Any CPU
		{17AEA5E3-1371-4951-AEBF-E02DD1EB985C}.Debug|Any CPU.ActiveCfg = Debug|Any CPU
		{17AEA5E3-1371-4951-AEBF-E02DD1EB985C}.Debug|Any CPU.Build.0 = Debug|Any CPU
		{17AEA5E3-1371-4951-AEBF-E02DD1EB985C}.Release|Any CPU.ActiveCfg = Release|Any CPU
		{17AEA5E3-1371-4951-AEBF-E02DD1EB985C}.Release|Any CPU.Build.0 = Release|Any CPU
		{029EE258-9BA1-476A-9AF4-A8FE5DF10289}.Debug|Any CPU.ActiveCfg = Debug|Any CPU
		{029EE258-9BA1-476A-9AF4-A8FE5DF10289}.Debug|Any CPU.Build.0 = Debug|Any CPU
		{029EE258-9BA1-476A-9AF4-A8FE5DF10289}.Release|Any CPU.ActiveCfg = Release|Any CPU
		{029EE258-9BA1-476A-9AF4-A8FE5DF10289}.Release|Any CPU.Build.0 = Release|Any CPU
		{32EDE95D-714F-4598-8BB0-8EF5CA83D28D}.Debug|Any CPU.ActiveCfg = Debug|Any CPU
		{32EDE95D-714F-4598-8BB0-8EF5CA83D28D}.Debug|Any CPU.Build.0 = Debug|Any CPU
		{32EDE95D-714F-4598-8BB0-8EF5CA83D28D}.Release|Any CPU.ActiveCfg = Release|Any CPU
		{32EDE95D-714F-4598-8BB0-8EF5CA83D28D}.Release|Any CPU.Build.0 = Release|Any CPU
		{6CEC5618-0A5B-41DD-ABD5-FC1D1009B787}.Debug|Any CPU.ActiveCfg = Debug|Any CPU
		{6CEC5618-0A5B-41DD-ABD5-FC1D1009B787}.Debug|Any CPU.Build.0 = Debug|Any CPU
		{6CEC5618-0A5B-41DD-ABD5-FC1D1009B787}.Release|Any CPU.ActiveCfg = Release|Any CPU
		{6CEC5618-0A5B-41DD-ABD5-FC1D1009B787}.Release|Any CPU.Build.0 = Release|Any CPU
		{761DECA3-104F-4D12-A0D4-67F1E27194B2}.Debug|Any CPU.ActiveCfg = Debug|Any CPU
		{761DECA3-104F-4D12-A0D4-67F1E27194B2}.Debug|Any CPU.Build.0 = Debug|Any CPU
		{761DECA3-104F-4D12-A0D4-67F1E27194B2}.Release|Any CPU.ActiveCfg = Release|Any CPU
		{761DECA3-104F-4D12-A0D4-67F1E27194B2}.Release|Any CPU.Build.0 = Release|Any CPU
		{7236F7B3-9E84-4A4D-B7D2-787872A4F8AC}.Debug|Any CPU.ActiveCfg = Debug|Any CPU
		{7236F7B3-9E84-4A4D-B7D2-787872A4F8AC}.Debug|Any CPU.Build.0 = Debug|Any CPU
		{7236F7B3-9E84-4A4D-B7D2-787872A4F8AC}.Release|Any CPU.ActiveCfg = Release|Any CPU
		{7236F7B3-9E84-4A4D-B7D2-787872A4F8AC}.Release|Any CPU.Build.0 = Release|Any CPU
		{3E6EAB08-B12E-4057-8DAC-AACADEE65D8B}.Debug|Any CPU.ActiveCfg = Debug|Any CPU
		{3E6EAB08-B12E-4057-8DAC-AACADEE65D8B}.Debug|Any CPU.Build.0 = Debug|Any CPU
		{3E6EAB08-B12E-4057-8DAC-AACADEE65D8B}.Release|Any CPU.ActiveCfg = Release|Any CPU
		{3E6EAB08-B12E-4057-8DAC-AACADEE65D8B}.Release|Any CPU.Build.0 = Release|Any CPU
		{6FFD66A3-9A40-4B81-A8D3-0B1362846D65}.Debug|Any CPU.ActiveCfg = Debug|Any CPU
		{6FFD66A3-9A40-4B81-A8D3-0B1362846D65}.Debug|Any CPU.Build.0 = Debug|Any CPU
		{6FFD66A3-9A40-4B81-A8D3-0B1362846D65}.Release|Any CPU.ActiveCfg = Release|Any CPU
		{6FFD66A3-9A40-4B81-A8D3-0B1362846D65}.Release|Any CPU.Build.0 = Release|Any CPU
		{772B9CB0-E127-4FED-9452-563063E2F96F}.Debug|Any CPU.ActiveCfg = Debug|Any CPU
		{772B9CB0-E127-4FED-9452-563063E2F96F}.Debug|Any CPU.Build.0 = Debug|Any CPU
		{772B9CB0-E127-4FED-9452-563063E2F96F}.Release|Any CPU.ActiveCfg = Release|Any CPU
		{772B9CB0-E127-4FED-9452-563063E2F96F}.Release|Any CPU.Build.0 = Release|Any CPU
		{F1E0FA15-9E26-4A30-88EF-AEB949C7CC96}.Debug|Any CPU.ActiveCfg = Debug|Any CPU
		{F1E0FA15-9E26-4A30-88EF-AEB949C7CC96}.Debug|Any CPU.Build.0 = Debug|Any CPU
		{F1E0FA15-9E26-4A30-88EF-AEB949C7CC96}.Release|Any CPU.ActiveCfg = Release|Any CPU
		{F1E0FA15-9E26-4A30-88EF-AEB949C7CC96}.Release|Any CPU.Build.0 = Release|Any CPU
		{F2E1ECED-1505-4325-94C1-15F9E6DFBE20}.Debug|Any CPU.ActiveCfg = Debug|Any CPU
		{F2E1ECED-1505-4325-94C1-15F9E6DFBE20}.Debug|Any CPU.Build.0 = Debug|Any CPU
		{F2E1ECED-1505-4325-94C1-15F9E6DFBE20}.Release|Any CPU.ActiveCfg = Release|Any CPU
		{F2E1ECED-1505-4325-94C1-15F9E6DFBE20}.Release|Any CPU.Build.0 = Release|Any CPU
	EndGlobalSection
	GlobalSection(SolutionProperties) = preSolution
		HideSolutionNode = FALSE
	EndGlobalSection
	GlobalSection(ExtensibilityGlobals) = postSolution
		SolutionGuid = {69A5DD6C-5E6E-48C8-B57D-FF96CEC255CF}
	EndGlobalSection
EndGlobal
